// !$*UTF8*$!
{
	archiveVersion = 1;
	classes = {
	};
	objectVersion = 56;
	objects = {

/* Begin PBXBuildFile section */
		6A14BD6A29F6567C0099C45D /* SheetAddRecordViewController.swift in Sources */ = {isa = PBXBuildFile; fileRef = 6A14BD6929F6567C0099C45D /* SheetAddRecordViewController.swift */; };
		6A48A37D29F7FA7700F9BC55 /* MulticastDelegate.swift in Sources */ = {isa = PBXBuildFile; fileRef = 6A48A37C29F7FA7700F9BC55 /* MulticastDelegate.swift */; };
		6A48A37F29F7FFE200F9BC55 /* FirebaseController.swift in Sources */ = {isa = PBXBuildFile; fileRef = 6A48A37E29F7FFE200F9BC55 /* FirebaseController.swift */; };
		6A48A38829F8010800F9BC55 /* DatabaseProtocol.swift in Sources */ = {isa = PBXBuildFile; fileRef = 6A48A38729F8010800F9BC55 /* DatabaseProtocol.swift */; };
		6A48A38B29F8017D00F9BC55 /* Hobby.swift in Sources */ = {isa = PBXBuildFile; fileRef = 6A48A38A29F8017D00F9BC55 /* Hobby.swift */; };
		6A48A38D29F8019000F9BC55 /* Records.swift in Sources */ = {isa = PBXBuildFile; fileRef = 6A48A38C29F8019000F9BC55 /* Records.swift */; };
		6A48A38F29F806C700F9BC55 /* User.swift in Sources */ = {isa = PBXBuildFile; fileRef = 6A48A38E29F806C700F9BC55 /* User.swift */; };
		6A48A39129F8089A00F9BC55 /* Notes.swift in Sources */ = {isa = PBXBuildFile; fileRef = 6A48A39029F8089A00F9BC55 /* Notes.swift */; };
		6A4CF15D29F4D889004F5BFD /* HobbyTableViewController.swift in Sources */ = {isa = PBXBuildFile; fileRef = 6A4CF15C29F4D889004F5BFD /* HobbyTableViewController.swift */; };
		6A4CF15F29F4DAE9004F5BFD /* SheetViewController.swift in Sources */ = {isa = PBXBuildFile; fileRef = 6A4CF15E29F4DAE9004F5BFD /* SheetViewController.swift */; };
		6A4CF19929F5801A004F5BFD /* ViewHobbyPage.swift in Sources */ = {isa = PBXBuildFile; fileRef = 6A4CF19829F5801A004F5BFD /* ViewHobbyPage.swift */; };
		6A4CF19B29F58EC3004F5BFD /* AddRecordViewController.swift in Sources */ = {isa = PBXBuildFile; fileRef = 6A4CF19A29F58EC3004F5BFD /* AddRecordViewController.swift */; };
		6A561D9B29F4105000138ABE /* AppDelegate.swift in Sources */ = {isa = PBXBuildFile; fileRef = 6A561D9A29F4105000138ABE /* AppDelegate.swift */; };
		6A561D9D29F4105000138ABE /* SceneDelegate.swift in Sources */ = {isa = PBXBuildFile; fileRef = 6A561D9C29F4105000138ABE /* SceneDelegate.swift */; };
		6A561DA229F4105000138ABE /* Main.storyboard in Resources */ = {isa = PBXBuildFile; fileRef = 6A561DA029F4105000138ABE /* Main.storyboard */; };
		6A561DA429F4105100138ABE /* Assets.xcassets in Resources */ = {isa = PBXBuildFile; fileRef = 6A561DA329F4105100138ABE /* Assets.xcassets */; };
		6A561DA729F4105100138ABE /* LaunchScreen.storyboard in Resources */ = {isa = PBXBuildFile; fileRef = 6A561DA529F4105100138ABE /* LaunchScreen.storyboard */; };
		6A6CE0A329F80F5E00BD7150 /* FirebaseAuth in Frameworks */ = {isa = PBXBuildFile; productRef = 6A6CE0A229F80F5E00BD7150 /* FirebaseAuth */; };
		6A6CE0A529F80F5E00BD7150 /* FirebaseFirestore in Frameworks */ = {isa = PBXBuildFile; productRef = 6A6CE0A429F80F5E00BD7150 /* FirebaseFirestore */; };
		6A6CE0A729F80F5E00BD7150 /* FirebaseFirestoreSwift in Frameworks */ = {isa = PBXBuildFile; productRef = 6A6CE0A629F80F5E00BD7150 /* FirebaseFirestoreSwift */; };
		6A873B5729F826CE00911AA4 /* GoogleService-Info.plist in Resources */ = {isa = PBXBuildFile; fileRef = 6A873B5629F826CE00911AA4 /* GoogleService-Info.plist */; };
/* End PBXBuildFile section */

/* Begin PBXFileReference section */
		6A14BD6929F6567C0099C45D /* SheetAddRecordViewController.swift */ = {isa = PBXFileReference; lastKnownFileType = sourcecode.swift; path = SheetAddRecordViewController.swift; sourceTree = "<group>"; };
		6A48A37C29F7FA7700F9BC55 /* MulticastDelegate.swift */ = {isa = PBXFileReference; lastKnownFileType = sourcecode.swift; path = MulticastDelegate.swift; sourceTree = "<group>"; };
		6A48A37E29F7FFE200F9BC55 /* FirebaseController.swift */ = {isa = PBXFileReference; lastKnownFileType = sourcecode.swift; path = FirebaseController.swift; sourceTree = "<group>"; };
		6A48A38729F8010800F9BC55 /* DatabaseProtocol.swift */ = {isa = PBXFileReference; lastKnownFileType = sourcecode.swift; path = DatabaseProtocol.swift; sourceTree = "<group>"; };
		6A48A38A29F8017D00F9BC55 /* Hobby.swift */ = {isa = PBXFileReference; lastKnownFileType = sourcecode.swift; path = Hobby.swift; sourceTree = "<group>"; };
		6A48A38C29F8019000F9BC55 /* Records.swift */ = {isa = PBXFileReference; lastKnownFileType = sourcecode.swift; path = Records.swift; sourceTree = "<group>"; };
		6A48A38E29F806C700F9BC55 /* User.swift */ = {isa = PBXFileReference; lastKnownFileType = sourcecode.swift; path = User.swift; sourceTree = "<group>"; };
		6A48A39029F8089A00F9BC55 /* Notes.swift */ = {isa = PBXFileReference; lastKnownFileType = sourcecode.swift; path = Notes.swift; sourceTree = "<group>"; };
		6A4CF15C29F4D889004F5BFD /* HobbyTableViewController.swift */ = {isa = PBXFileReference; lastKnownFileType = sourcecode.swift; path = HobbyTableViewController.swift; sourceTree = "<group>"; };
		6A4CF15E29F4DAE9004F5BFD /* SheetViewController.swift */ = {isa = PBXFileReference; lastKnownFileType = sourcecode.swift; path = SheetViewController.swift; sourceTree = "<group>"; };
		6A4CF19829F5801A004F5BFD /* ViewHobbyPage.swift */ = {isa = PBXFileReference; lastKnownFileType = sourcecode.swift; path = ViewHobbyPage.swift; sourceTree = "<group>"; };
		6A4CF19A29F58EC3004F5BFD /* AddRecordViewController.swift */ = {isa = PBXFileReference; lastKnownFileType = sourcecode.swift; path = AddRecordViewController.swift; sourceTree = "<group>"; };
		6A561D9729F4105000138ABE /* FIT3178_Assignment.app */ = {isa = PBXFileReference; explicitFileType = wrapper.application; includeInIndex = 0; path = FIT3178_Assignment.app; sourceTree = BUILT_PRODUCTS_DIR; };
		6A561D9A29F4105000138ABE /* AppDelegate.swift */ = {isa = PBXFileReference; lastKnownFileType = sourcecode.swift; path = AppDelegate.swift; sourceTree = "<group>"; };
		6A561D9C29F4105000138ABE /* SceneDelegate.swift */ = {isa = PBXFileReference; lastKnownFileType = sourcecode.swift; path = SceneDelegate.swift; sourceTree = "<group>"; };
		6A561DA129F4105000138ABE /* Base */ = {isa = PBXFileReference; lastKnownFileType = file.storyboard; name = Base; path = Base.lproj/Main.storyboard; sourceTree = "<group>"; };
		6A561DA329F4105100138ABE /* Assets.xcassets */ = {isa = PBXFileReference; lastKnownFileType = folder.assetcatalog; path = Assets.xcassets; sourceTree = "<group>"; };
		6A561DA629F4105100138ABE /* Base */ = {isa = PBXFileReference; lastKnownFileType = file.storyboard; name = Base; path = Base.lproj/LaunchScreen.storyboard; sourceTree = "<group>"; };
		6A561DA829F4105100138ABE /* Info.plist */ = {isa = PBXFileReference; lastKnownFileType = text.plist.xml; path = Info.plist; sourceTree = "<group>"; };
		6A873B5629F826CE00911AA4 /* GoogleService-Info.plist */ = {isa = PBXFileReference; fileEncoding = 4; lastKnownFileType = text.plist.xml; name = "GoogleService-Info.plist"; path = "../../../../../../../Downloads/GoogleService-Info.plist"; sourceTree = "<group>"; };
/* End PBXFileReference section */

/* Begin PBXFrameworksBuildPhase section */
		6A561D9429F4105000138ABE /* Frameworks */ = {
			isa = PBXFrameworksBuildPhase;
			buildActionMask = 2147483647;
			files = (
				6A6CE0A329F80F5E00BD7150 /* FirebaseAuth in Frameworks */,
				6A6CE0A529F80F5E00BD7150 /* FirebaseFirestore in Frameworks */,
				6A6CE0A729F80F5E00BD7150 /* FirebaseFirestoreSwift in Frameworks */,
			);
			runOnlyForDeploymentPostprocessing = 0;
		};
/* End PBXFrameworksBuildPhase section */

/* Begin PBXGroup section */
		6A48A37B29F7FA4200F9BC55 /* Database */ = {
			isa = PBXGroup;
			children = (
				6A48A37C29F7FA7700F9BC55 /* MulticastDelegate.swift */,
				6A48A37E29F7FFE200F9BC55 /* FirebaseController.swift */,
				6A48A38729F8010800F9BC55 /* DatabaseProtocol.swift */,
			);
			path = Database;
			sourceTree = "<group>";
		};
		6A48A38929F8015400F9BC55 /* Data Model */ = {
			isa = PBXGroup;
			children = (
				6A48A38A29F8017D00F9BC55 /* Hobby.swift */,
				6A48A38C29F8019000F9BC55 /* Records.swift */,
				6A48A38E29F806C700F9BC55 /* User.swift */,
				6A48A39029F8089A00F9BC55 /* Notes.swift */,
			);
			path = "Data Model";
			sourceTree = "<group>";
		};
		6A561D8E29F4105000138ABE = {
			isa = PBXGroup;
			children = (
				6A561D9929F4105000138ABE /* FIT3178_Assigment */,
				6A561D9829F4105000138ABE /* Products */,
			);
			sourceTree = "<group>";
		};
		6A561D9829F4105000138ABE /* Products */ = {
			isa = PBXGroup;
			children = (
				6A561D9729F4105000138ABE /* FIT3178_Assignment.app */,
			);
			name = Products;
			sourceTree = "<group>";
		};
		6A561D9929F4105000138ABE /* FIT3178_Assigment */ = {
			isa = PBXGroup;
			children = (
				6A873B5629F826CE00911AA4 /* GoogleService-Info.plist */,
				6A48A38929F8015400F9BC55 /* Data Model */,
				6A48A37B29F7FA4200F9BC55 /* Database */,
				6A561D9A29F4105000138ABE /* AppDelegate.swift */,
				6A561D9C29F4105000138ABE /* SceneDelegate.swift */,
				6A561DA029F4105000138ABE /* Main.storyboard */,
				6A561DA329F4105100138ABE /* Assets.xcassets */,
				6A561DA529F4105100138ABE /* LaunchScreen.storyboard */,
				6A561DA829F4105100138ABE /* Info.plist */,
				6A4CF15C29F4D889004F5BFD /* HobbyTableViewController.swift */,
				6A4CF15E29F4DAE9004F5BFD /* SheetViewController.swift */,
				6A4CF19829F5801A004F5BFD /* ViewHobbyPage.swift */,
				6A4CF19A29F58EC3004F5BFD /* AddRecordViewController.swift */,
				6A14BD6929F6567C0099C45D /* SheetAddRecordViewController.swift */,
			);
			path = FIT3178_Assigment;
			sourceTree = "<group>";
		};
/* End PBXGroup section */

/* Begin PBXNativeTarget section */
		6A561D9629F4105000138ABE /* FIT3178_Assignment */ = {
			isa = PBXNativeTarget;
			buildConfigurationList = 6A561DAB29F4105100138ABE /* Build configuration list for PBXNativeTarget "FIT3178_Assignment" */;
			buildPhases = (
				6A561D9329F4105000138ABE /* Sources */,
				6A561D9429F4105000138ABE /* Frameworks */,
				6A561D9529F4105000138ABE /* Resources */,
			);
			buildRules = (
			);
			dependencies = (
			);
			name = FIT3178_Assignment;
			packageProductDependencies = (
				6A6CE0A229F80F5E00BD7150 /* FirebaseAuth */,
				6A6CE0A429F80F5E00BD7150 /* FirebaseFirestore */,
				6A6CE0A629F80F5E00BD7150 /* FirebaseFirestoreSwift */,
			);
			productName = FIT3178_Assigment;
			productReference = 6A561D9729F4105000138ABE /* FIT3178_Assignment.app */;
			productType = "com.apple.product-type.application";
		};
/* End PBXNativeTarget section */

/* Begin PBXProject section */
		6A561D8F29F4105000138ABE /* Project object */ = {
			isa = PBXProject;
			attributes = {
				BuildIndependentTargetsInParallel = 1;
				LastSwiftUpdateCheck = 1410;
				LastUpgradeCheck = 1410;
				TargetAttributes = {
					6A561D9629F4105000138ABE = {
						CreatedOnToolsVersion = 14.1;
					};
				};
			};
			buildConfigurationList = 6A561D9229F4105000138ABE /* Build configuration list for PBXProject "FIT3178_Assignment" */;
			compatibilityVersion = "Xcode 14.0";
			developmentRegion = en;
			hasScannedForEncodings = 0;
			knownRegions = (
				en,
				Base,
			);
			mainGroup = 6A561D8E29F4105000138ABE;
			packageReferences = (
				6A6CE0A129F80F5E00BD7150 /* XCRemoteSwiftPackageReference "firebase-ios-sdk" */,
			);
			productRefGroup = 6A561D9829F4105000138ABE /* Products */;
			projectDirPath = "";
			projectRoot = "";
			targets = (
				6A561D9629F4105000138ABE /* FIT3178_Assignment */,
			);
		};
/* End PBXProject section */

/* Begin PBXResourcesBuildPhase section */
		6A561D9529F4105000138ABE /* Resources */ = {
			isa = PBXResourcesBuildPhase;
			buildActionMask = 2147483647;
			files = (
				6A561DA729F4105100138ABE /* LaunchScreen.storyboard in Resources */,
				6A873B5729F826CE00911AA4 /* GoogleService-Info.plist in Resources */,
				6A561DA429F4105100138ABE /* Assets.xcassets in Resources */,
				6A561DA229F4105000138ABE /* Main.storyboard in Resources */,
			);
			runOnlyForDeploymentPostprocessing = 0;
		};
/* End PBXResourcesBuildPhase section */

/* Begin PBXSourcesBuildPhase section */
		6A561D9329F4105000138ABE /* Sources */ = {
			isa = PBXSourcesBuildPhase;
			buildActionMask = 2147483647;
			files = (
				6A14BD6A29F6567C0099C45D /* SheetAddRecordViewController.swift in Sources */,
				6A4CF15F29F4DAE9004F5BFD /* SheetViewController.swift in Sources */,
				6A561D9B29F4105000138ABE /* AppDelegate.swift in Sources */,
				6A4CF19929F5801A004F5BFD /* ViewHobbyPage.swift in Sources */,
				6A4CF15D29F4D889004F5BFD /* HobbyTableViewController.swift in Sources */,
				6A48A37D29F7FA7700F9BC55 /* MulticastDelegate.swift in Sources */,
				6A48A38F29F806C700F9BC55 /* User.swift in Sources */,
				6A48A38D29F8019000F9BC55 /* Records.swift in Sources */,
				6A48A38829F8010800F9BC55 /* DatabaseProtocol.swift in Sources */,
				6A561D9D29F4105000138ABE /* SceneDelegate.swift in Sources */,
				6A48A37F29F7FFE200F9BC55 /* FirebaseController.swift in Sources */,
				6A4CF19B29F58EC3004F5BFD /* AddRecordViewController.swift in Sources */,
				6A48A38B29F8017D00F9BC55 /* Hobby.swift in Sources */,
				6A48A39129F8089A00F9BC55 /* Notes.swift in Sources */,
			);
			runOnlyForDeploymentPostprocessing = 0;
		};
/* End PBXSourcesBuildPhase section */

/* Begin PBXVariantGroup section */
		6A561DA029F4105000138ABE /* Main.storyboard */ = {
			isa = PBXVariantGroup;
			children = (
				6A561DA129F4105000138ABE /* Base */,
			);
			name = Main.storyboard;
			sourceTree = "<group>";
		};
		6A561DA529F4105100138ABE /* LaunchScreen.storyboard */ = {
			isa = PBXVariantGroup;
			children = (
				6A561DA629F4105100138ABE /* Base */,
			);
			name = LaunchScreen.storyboard;
			sourceTree = "<group>";
		};
/* End PBXVariantGroup section */

/* Begin XCBuildConfiguration section */
		6A561DA929F4105100138ABE /* Debug */ = {
			isa = XCBuildConfiguration;
			buildSettings = {
				ALWAYS_SEARCH_USER_PATHS = NO;
				CLANG_ANALYZER_NONNULL = YES;
				CLANG_ANALYZER_NUMBER_OBJECT_CONVERSION = YES_AGGRESSIVE;
				CLANG_CXX_LANGUAGE_STANDARD = "gnu++20";
				CLANG_ENABLE_MODULES = YES;
				CLANG_ENABLE_OBJC_ARC = YES;
				CLANG_ENABLE_OBJC_WEAK = YES;
				CLANG_WARN_BLOCK_CAPTURE_AUTORELEASING = YES;
				CLANG_WARN_BOOL_CONVERSION = YES;
				CLANG_WARN_COMMA = YES;
				CLANG_WARN_CONSTANT_CONVERSION = YES;
				CLANG_WARN_DEPRECATED_OBJC_IMPLEMENTATIONS = YES;
				CLANG_WARN_DIRECT_OBJC_ISA_USAGE = YES_ERROR;
				CLANG_WARN_DOCUMENTATION_COMMENTS = YES;
				CLANG_WARN_EMPTY_BODY = YES;
				CLANG_WARN_ENUM_CONVERSION = YES;
				CLANG_WARN_INFINITE_RECURSION = YES;
				CLANG_WARN_INT_CONVERSION = YES;
				CLANG_WARN_NON_LITERAL_NULL_CONVERSION = YES;
				CLANG_WARN_OBJC_IMPLICIT_RETAIN_SELF = YES;
				CLANG_WARN_OBJC_LITERAL_CONVERSION = YES;
				CLANG_WARN_OBJC_ROOT_CLASS = YES_ERROR;
				CLANG_WARN_QUOTED_INCLUDE_IN_FRAMEWORK_HEADER = YES;
				CLANG_WARN_RANGE_LOOP_ANALYSIS = YES;
				CLANG_WARN_STRICT_PROTOTYPES = YES;
				CLANG_WARN_SUSPICIOUS_MOVE = YES;
				CLANG_WARN_UNGUARDED_AVAILABILITY = YES_AGGRESSIVE;
				CLANG_WARN_UNREACHABLE_CODE = YES;
				CLANG_WARN__DUPLICATE_METHOD_MATCH = YES;
				COPY_PHASE_STRIP = NO;
				DEBUG_INFORMATION_FORMAT = dwarf;
				ENABLE_STRICT_OBJC_MSGSEND = YES;
				ENABLE_TESTABILITY = YES;
				GCC_C_LANGUAGE_STANDARD = gnu11;
				GCC_DYNAMIC_NO_PIC = NO;
				GCC_NO_COMMON_BLOCKS = YES;
				GCC_OPTIMIZATION_LEVEL = 0;
				GCC_PREPROCESSOR_DEFINITIONS = (
					"DEBUG=1",
					"$(inherited)",
				);
				GCC_WARN_64_TO_32_BIT_CONVERSION = YES;
				GCC_WARN_ABOUT_RETURN_TYPE = YES_ERROR;
				GCC_WARN_UNDECLARED_SELECTOR = YES;
				GCC_WARN_UNINITIALIZED_AUTOS = YES_AGGRESSIVE;
				GCC_WARN_UNUSED_FUNCTION = YES;
				GCC_WARN_UNUSED_VARIABLE = YES;
				IPHONEOS_DEPLOYMENT_TARGET = 16.1;
				MTL_ENABLE_DEBUG_INFO = INCLUDE_SOURCE;
				MTL_FAST_MATH = YES;
				ONLY_ACTIVE_ARCH = YES;
				SDKROOT = iphoneos;
				SWIFT_ACTIVE_COMPILATION_CONDITIONS = DEBUG;
				SWIFT_OPTIMIZATION_LEVEL = "-Onone";
			};
			name = Debug;
		};
		6A561DAA29F4105100138ABE /* Release */ = {
			isa = XCBuildConfiguration;
			buildSettings = {
				ALWAYS_SEARCH_USER_PATHS = NO;
				CLANG_ANALYZER_NONNULL = YES;
				CLANG_ANALYZER_NUMBER_OBJECT_CONVERSION = YES_AGGRESSIVE;
				CLANG_CXX_LANGUAGE_STANDARD = "gnu++20";
				CLANG_ENABLE_MODULES = YES;
				CLANG_ENABLE_OBJC_ARC = YES;
				CLANG_ENABLE_OBJC_WEAK = YES;
				CLANG_WARN_BLOCK_CAPTURE_AUTORELEASING = YES;
				CLANG_WARN_BOOL_CONVERSION = YES;
				CLANG_WARN_COMMA = YES;
				CLANG_WARN_CONSTANT_CONVERSION = YES;
				CLANG_WARN_DEPRECATED_OBJC_IMPLEMENTATIONS = YES;
				CLANG_WARN_DIRECT_OBJC_ISA_USAGE = YES_ERROR;
				CLANG_WARN_DOCUMENTATION_COMMENTS = YES;
				CLANG_WARN_EMPTY_BODY = YES;
				CLANG_WARN_ENUM_CONVERSION = YES;
				CLANG_WARN_INFINITE_RECURSION = YES;
				CLANG_WARN_INT_CONVERSION = YES;
				CLANG_WARN_NON_LITERAL_NULL_CONVERSION = YES;
				CLANG_WARN_OBJC_IMPLICIT_RETAIN_SELF = YES;
				CLANG_WARN_OBJC_LITERAL_CONVERSION = YES;
				CLANG_WARN_OBJC_ROOT_CLASS = YES_ERROR;
				CLANG_WARN_QUOTED_INCLUDE_IN_FRAMEWORK_HEADER = YES;
				CLANG_WARN_RANGE_LOOP_ANALYSIS = YES;
				CLANG_WARN_STRICT_PROTOTYPES = YES;
				CLANG_WARN_SUSPICIOUS_MOVE = YES;
				CLANG_WARN_UNGUARDED_AVAILABILITY = YES_AGGRESSIVE;
				CLANG_WARN_UNREACHABLE_CODE = YES;
				CLANG_WARN__DUPLICATE_METHOD_MATCH = YES;
				COPY_PHASE_STRIP = NO;
				DEBUG_INFORMATION_FORMAT = "dwarf-with-dsym";
				ENABLE_NS_ASSERTIONS = NO;
				ENABLE_STRICT_OBJC_MSGSEND = YES;
				GCC_C_LANGUAGE_STANDARD = gnu11;
				GCC_NO_COMMON_BLOCKS = YES;
				GCC_WARN_64_TO_32_BIT_CONVERSION = YES;
				GCC_WARN_ABOUT_RETURN_TYPE = YES_ERROR;
				GCC_WARN_UNDECLARED_SELECTOR = YES;
				GCC_WARN_UNINITIALIZED_AUTOS = YES_AGGRESSIVE;
				GCC_WARN_UNUSED_FUNCTION = YES;
				GCC_WARN_UNUSED_VARIABLE = YES;
				IPHONEOS_DEPLOYMENT_TARGET = 16.1;
				MTL_ENABLE_DEBUG_INFO = NO;
				MTL_FAST_MATH = YES;
				SDKROOT = iphoneos;
				SWIFT_COMPILATION_MODE = wholemodule;
				SWIFT_OPTIMIZATION_LEVEL = "-O";
				VALIDATE_PRODUCT = YES;
			};
			name = Release;
		};
		6A561DAC29F4105100138ABE /* Debug */ = {
			isa = XCBuildConfiguration;
			buildSettings = {
				ASSETCATALOG_COMPILER_APPICON_NAME = AppIcon;
				ASSETCATALOG_COMPILER_GLOBAL_ACCENT_COLOR_NAME = AccentColor;
				CODE_SIGN_STYLE = Automatic;
				CURRENT_PROJECT_VERSION = 1;
				GENERATE_INFOPLIST_FILE = YES;
				INFOPLIST_FILE = FIT3178_Assigment/Info.plist;
				INFOPLIST_KEY_UIApplicationSupportsIndirectInputEvents = YES;
				INFOPLIST_KEY_UILaunchStoryboardName = LaunchScreen;
				INFOPLIST_KEY_UIMainStoryboardFile = Main;
				INFOPLIST_KEY_UISupportedInterfaceOrientations_iPad = "UIInterfaceOrientationPortrait UIInterfaceOrientationPortraitUpsideDown UIInterfaceOrientationLandscapeLeft UIInterfaceOrientationLandscapeRight";
				INFOPLIST_KEY_UISupportedInterfaceOrientations_iPhone = "UIInterfaceOrientationPortrait UIInterfaceOrientationLandscapeLeft UIInterfaceOrientationLandscapeRight";
				LD_RUNPATH_SEARCH_PATHS = (
					"$(inherited)",
					"@executable_path/Frameworks",
				);
				MARKETING_VERSION = 1.0;
				PRODUCT_BUNDLE_IDENTIFIER = "edu.monash.FIT3178-Assignment";
				PRODUCT_NAME = "$(TARGET_NAME)";
				SWIFT_EMIT_LOC_STRINGS = YES;
				SWIFT_VERSION = 5.0;
				TARGETED_DEVICE_FAMILY = "1,2";
			};
			name = Debug;
		};
		6A561DAD29F4105100138ABE /* Release */ = {
			isa = XCBuildConfiguration;
			buildSettings = {
				ASSETCATALOG_COMPILER_APPICON_NAME = AppIcon;
				ASSETCATALOG_COMPILER_GLOBAL_ACCENT_COLOR_NAME = AccentColor;
				CODE_SIGN_STYLE = Automatic;
				CURRENT_PROJECT_VERSION = 1;
				GENERATE_INFOPLIST_FILE = YES;
				INFOPLIST_FILE = FIT3178_Assigment/Info.plist;
				INFOPLIST_KEY_UIApplicationSupportsIndirectInputEvents = YES;
				INFOPLIST_KEY_UILaunchStoryboardName = LaunchScreen;
				INFOPLIST_KEY_UIMainStoryboardFile = Main;
				INFOPLIST_KEY_UISupportedInterfaceOrientations_iPad = "UIInterfaceOrientationPortrait UIInterfaceOrientationPortraitUpsideDown UIInterfaceOrientationLandscapeLeft UIInterfaceOrientationLandscapeRight";
				INFOPLIST_KEY_UISupportedInterfaceOrientations_iPhone = "UIInterfaceOrientationPortrait UIInterfaceOrientationLandscapeLeft UIInterfaceOrientationLandscapeRight";
				LD_RUNPATH_SEARCH_PATHS = (
					"$(inherited)",
					"@executable_path/Frameworks",
				);
				MARKETING_VERSION = 1.0;
				PRODUCT_BUNDLE_IDENTIFIER = "edu.monash.FIT3178-Assignment";
				PRODUCT_NAME = "$(TARGET_NAME)";
				SWIFT_EMIT_LOC_STRINGS = YES;
				SWIFT_VERSION = 5.0;
				TARGETED_DEVICE_FAMILY = "1,2";
			};
			name = Release;
		};
/* End XCBuildConfiguration section */

/* Begin XCConfigurationList section */
		6A561D9229F4105000138ABE /* Build configuration list for PBXProject "FIT3178_Assignment" */ = {
			isa = XCConfigurationList;
			buildConfigurations = (
				6A561DA929F4105100138ABE /* Debug */,
				6A561DAA29F4105100138ABE /* Release */,
			);
			defaultConfigurationIsVisible = 0;
			defaultConfigurationName = Release;
		};
		6A561DAB29F4105100138ABE /* Build configuration list for PBXNativeTarget "FIT3178_Assignment" */ = {
			isa = XCConfigurationList;
			buildConfigurations = (
				6A561DAC29F4105100138ABE /* Debug */,
				6A561DAD29F4105100138ABE /* Release */,
			);
			defaultConfigurationIsVisible = 0;
			defaultConfigurationName = Release;
		};
/* End XCConfigurationList section */

/* Begin XCRemoteSwiftPackageReference section */
		6A6CE0A129F80F5E00BD7150 /* XCRemoteSwiftPackageReference "firebase-ios-sdk" */ = {
			isa = XCRemoteSwiftPackageReference;
			repositoryURL = "https://github.com/firebase/firebase-ios-sdk.git";
			requirement = {
				kind = upToNextMajorVersion;
				minimumVersion = 9.0.0;
			};
		};
/* End XCRemoteSwiftPackageReference section */

/* Begin XCSwiftPackageProductDependency section */
		6A6CE0A229F80F5E00BD7150 /* FirebaseAuth */ = {
			isa = XCSwiftPackageProductDependency;
			package = 6A6CE0A129F80F5E00BD7150 /* XCRemoteSwiftPackageReference "firebase-ios-sdk" */;
			productName = FirebaseAuth;
		};
		6A6CE0A429F80F5E00BD7150 /* FirebaseFirestore */ = {
			isa = XCSwiftPackageProductDependency;
			package = 6A6CE0A129F80F5E00BD7150 /* XCRemoteSwiftPackageReference "firebase-ios-sdk" */;
			productName = FirebaseFirestore;
		};
		6A6CE0A629F80F5E00BD7150 /* FirebaseFirestoreSwift */ = {
			isa = XCSwiftPackageProductDependency;
			package = 6A6CE0A129F80F5E00BD7150 /* XCRemoteSwiftPackageReference "firebase-ios-sdk" */;
			productName = FirebaseFirestoreSwift;
		};
/* End XCSwiftPackageProductDependency section */
	};
	rootObject = 6A561D8F29F4105000138ABE /* Project object */;
}
